
Microsoft Visual Studio Solution File, Format Version 12.00
# Visual Studio 15
VisualStudioVersion = 15.0.27703.2042
MinimumVisualStudioVersion = 10.0.40219.1
Project("{FAE04EC0-301F-11D3-BF4B-00C04F79EFBC}") = "LINQ Examples", "LINQ Examples\LINQ Examples.csproj", "{CBEC6483-7C4D-467B-AA50-AA4F2A332E3B}"
EndProject
Global
	GlobalSection(SolutionConfigurationPlatforms) = preSolution
		Debug|Any CPU = Debug|Any CPU
		Release|Any CPU = Release|Any CPU
	EndGlobalSection
	GlobalSection(ProjectConfigurationPlatforms) = postSolution
		{CBEC6483-7C4D-467B-AA50-AA4F2A332E3B}.Debug|Any CPU.ActiveCfg = Debug|Any CPU
		{CBEC6483-7C4D-467B-AA50-AA4F2A332E3B}.Debug|Any CPU.Build.0 = Debug|Any CPU
		{CBEC6483-7C4D-467B-AA50-AA4F2A332E3B}.Release|Any CPU.ActiveCfg = Release|Any CPU
		{CBEC6483-7C4D-467B-AA50-AA4F2A332E3B}.Release|Any CPU.Build.0 = Release|Any CPU
	EndGlobalSection
	GlobalSection(SolutionProperties) = preSolution
		HideSolutionNode = FALSE
	EndGlobalSection
	GlobalSection(ExtensibilityGlobals) = postSolution
		SolutionGuid = {D61B04C3-6B5A-4274-A0CF-1D6AF037ABF7}
	EndGlobalSection
EndGlobal
